
Microsoft Visual Studio Solution File, Format Version 12.00
# Visual Studio Version 17
VisualStudioVersion = 17.4.33213.308
MinimumVisualStudioVersion = 10.0.40219.1
Project("{FAE04EC0-301F-11D3-BF4B-00C04F79EFBC}") = "MindBoxLibrary", "MindBoxLibrary\MindBoxLibrary.csproj", "{D36B118C-D8C9-4000-BBCB-231D1F368B5B}"
EndProject
Project("{FAE04EC0-301F-11D3-BF4B-00C04F79EFBC}") = "MindBoxTests", "MindBoxTests\MindBoxTests.csproj", "{79ACF7FE-5070-4ECE-A2C7-9CFD3DB9BF11}"
EndProject
Global
	GlobalSection(SolutionConfigurationPlatforms) = preSolution
		Debug|Any CPU = Debug|Any CPU
		Release|Any CPU = Release|Any CPU
	EndGlobalSection
	GlobalSection(ProjectConfigurationPlatforms) = postSolution
		{D36B118C-D8C9-4000-BBCB-231D1F368B5B}.Debug|Any CPU.ActiveCfg = Debug|Any CPU
		{D36B118C-D8C9-4000-BBCB-231D1F368B5B}.Debug|Any CPU.Build.0 = Debug|Any CPU
		{D36B118C-D8C9-4000-BBCB-231D1F368B5B}.Release|Any CPU.ActiveCfg = Release|Any CPU
		{D36B118C-D8C9-4000-BBCB-231D1F368B5B}.Release|Any CPU.Build.0 = Release|Any CPU
		{79ACF7FE-5070-4ECE-A2C7-9CFD3DB9BF11}.Debug|Any CPU.ActiveCfg = Debug|Any CPU
		{79ACF7FE-5070-4ECE-A2C7-9CFD3DB9BF11}.Debug|Any CPU.Build.0 = Debug|Any CPU
		{79ACF7FE-5070-4ECE-A2C7-9CFD3DB9BF11}.Release|Any CPU.ActiveCfg = Release|Any CPU
		{79ACF7FE-5070-4ECE-A2C7-9CFD3DB9BF11}.Release|Any CPU.Build.0 = Release|Any CPU
	EndGlobalSection
	GlobalSection(SolutionProperties) = preSolution
		HideSolutionNode = FALSE
	EndGlobalSection
	GlobalSection(ExtensibilityGlobals) = postSolution
		SolutionGuid = {14E3A8CA-9958-4A3F-AB88-8B78A95EFCA6}
	EndGlobalSection
EndGlobal
